
Microsoft Visual Studio Solution File, Format Version 10.00
# Visual Studio 2008
Project("{8BC9CEB8-8B4A-11D0-8D11-00A0C91BC942}") = "GetEdit", "GetEdit.vcproj", "{81199214-7D94-4B60-8F40-320F7C3F0461}"
EndProject
Global
	GlobalSection(SolutionConfigurationPlatforms) = preSolution
		Debug|Win32 = Debug|Win32
		Release|Win32 = Release|Win32
	EndGlobalSection
	GlobalSection(ProjectConfigurationPlatforms) = postSolution
		{81199214-7D94-4B60-8F40-320F7C3F0461}.Debug|Win32.ActiveCfg = Debug|Win32
		{81199214-7D94-4B60-8F40-320F7C3F0461}.Debug|Win32.Build.0 = Debug|Win32
		{81199214-7D94-4B60-8F40-320F7C3F0461}.Release|Win32.ActiveCfg = Release|Win32
		{81199214-7D94-4B60-8F40-320F7C3F0461}.Release|Win32.Build.0 = Release|Win32
	EndGlobalSection
	GlobalSection(SolutionProperties) = preSolution
		HideSolutionNode = FALSE
	EndGlobalSection
EndGlobal
